
Microsoft Visual Studio Solution File, Format Version 12.00
# Visual Studio Version 16
VisualStudioVersion = 16.0.30309.148
MinimumVisualStudioVersion = 10.0.40219.1
Project("{2150E333-8FDC-42A3-9474-1A3956D46DE8}") = "Src", "Src", "{04DAABE0-EB41-4F03-B052-941C4911F4FC}"
EndProject
Project("{2150E333-8FDC-42A3-9474-1A3956D46DE8}") = "Server", "Server", "{6B71E649-F9B0-4724-81A2-E70B42CA9CFB}"
EndProject
Project("{9A19103F-16F7-4668-BE54-9A1E7A4F7556}") = "plugins", "src\Server\plugins\plugins.csproj", "{86BDB44B-7FD5-4882-BB36-3D8AA5870C33}"
EndProject
Project("{2150E333-8FDC-42A3-9474-1A3956D46DE8}") = "Client", "Client", "{865ADC43-E8E7-4858-8006-3E75B9ECFAB2}"
EndProject
Project("{2150E333-8FDC-42A3-9474-1A3956D46DE8}") = "Controls", "Controls", "{1516ED21-41ED-451D-8E32-114503EC21E0}"
EndProject
Project("{FAE04EC0-301F-11D3-BF4B-00C04F79EFBC}") = "SampleDataSet", "src\Client\Controls\SampleDataSet\SampleDataSet.pcfproj", "{AC85F083-1514-417F-AC6E-9F4D8B25E10B}"
EndProject
Project("{FAE04EC0-301F-11D3-BF4B-00C04F79EFBC}") = "SampleField", "src\Client\Controls\SampleField\SampleField.pcfproj", "{DFD0A85A-E54A-4128-B507-C74BE1F78B0E}"
EndProject
Project("{2150E333-8FDC-42A3-9474-1A3956D46DE8}") = "Solutions", "Solutions", "{2D9580F4-D078-4F45-8E09-53AB059988ED}"
EndProject
Project("{FAE04EC0-301F-11D3-BF4B-00C04F79EFBC}") = "Sample", "src\Solutions\Sample\Sample.cdsproj", "{42E4392C-FFAA-4349-AD89-0F3E5D24DD7A}"
EndProject
Project("{FAE04EC0-301F-11D3-BF4B-00C04F79EFBC}") = "WebResources", "Src\Client\WebResources\WebResources.csproj", "{F3D4FA3E-9F3D-4215-B39F-7EDDBB57676B}"
EndProject
Global
	GlobalSection(SolutionConfigurationPlatforms) = preSolution
		Debug|Any CPU = Debug|Any CPU
		Release|Any CPU = Release|Any CPU
	EndGlobalSection
	GlobalSection(ProjectConfigurationPlatforms) = postSolution
		{86BDB44B-7FD5-4882-BB36-3D8AA5870C33}.Debug|Any CPU.ActiveCfg = Debug|Any CPU
		{86BDB44B-7FD5-4882-BB36-3D8AA5870C33}.Debug|Any CPU.Build.0 = Debug|Any CPU
		{86BDB44B-7FD5-4882-BB36-3D8AA5870C33}.Release|Any CPU.ActiveCfg = Release|Any CPU
		{86BDB44B-7FD5-4882-BB36-3D8AA5870C33}.Release|Any CPU.Build.0 = Release|Any CPU
		{86BDB44B-7FD5-4882-BB36-3D8AA5870C33}.Debug|Any CPU.Deploy.0 = Debug|Any CPU
		{AC85F083-1514-417F-AC6E-9F4D8B25E10B}.Debug|Any CPU.ActiveCfg = Debug|Any CPU
		{AC85F083-1514-417F-AC6E-9F4D8B25E10B}.Debug|Any CPU.Build.0 = Debug|Any CPU
		{AC85F083-1514-417F-AC6E-9F4D8B25E10B}.Release|Any CPU.ActiveCfg = Debug|Any CPU
		{AC85F083-1514-417F-AC6E-9F4D8B25E10B}.Debug|Any CPU.Deploy.0 = Debug|Any CPU
		{DFD0A85A-E54A-4128-B507-C74BE1F78B0E}.Debug|Any CPU.ActiveCfg = Debug|Any CPU
		{DFD0A85A-E54A-4128-B507-C74BE1F78B0E}.Debug|Any CPU.Build.0 = Debug|Any CPU
		{DFD0A85A-E54A-4128-B507-C74BE1F78B0E}.Release|Any CPU.ActiveCfg = Debug|Any CPU
		{DFD0A85A-E54A-4128-B507-C74BE1F78B0E}.Debug|Any CPU.Deploy.0 = Debug|Any CPU
		{42E4392C-FFAA-4349-AD89-0F3E5D24DD7A}.Debug|Any CPU.ActiveCfg = Debug|Any CPU
		{42E4392C-FFAA-4349-AD89-0F3E5D24DD7A}.Debug|Any CPU.Build.0 = Debug|Any CPU
		{42E4392C-FFAA-4349-AD89-0F3E5D24DD7A}.Release|Any CPU.ActiveCfg = Debug|Any CPU
		{42E4392C-FFAA-4349-AD89-0F3E5D24DD7A}.Debug|Any CPU.Deploy.0 = Debug|Any CPU
		{F3D4FA3E-9F3D-4215-B39F-7EDDBB57676B}.Debug|Any CPU.ActiveCfg = Debug|Any CPU
		{F3D4FA3E-9F3D-4215-B39F-7EDDBB57676B}.Debug|Any CPU.Build.0 = Debug|Any CPU
		{F3D4FA3E-9F3D-4215-B39F-7EDDBB57676B}.Debug|Any CPU.Deploy.0 = Debug|Any CPU
	EndGlobalSection
	GlobalSection(SolutionProperties) = preSolution
		HideSolutionNode = FALSE
	EndGlobalSection
	GlobalSection(NestedProjects) = preSolution
		{6B71E649-F9B0-4724-81A2-E70B42CA9CFB} = {04DAABE0-EB41-4F03-B052-941C4911F4FC}
		{86BDB44B-7FD5-4882-BB36-3D8AA5870C33} = {6B71E649-F9B0-4724-81A2-E70B42CA9CFB}
		{865ADC43-E8E7-4858-8006-3E75B9ECFAB2} = {04DAABE0-EB41-4F03-B052-941C4911F4FC}
		{1516ED21-41ED-451D-8E32-114503EC21E0} = {865ADC43-E8E7-4858-8006-3E75B9ECFAB2}
		{AC85F083-1514-417F-AC6E-9F4D8B25E10B} = {1516ED21-41ED-451D-8E32-114503EC21E0}
		{DFD0A85A-E54A-4128-B507-C74BE1F78B0E} = {1516ED21-41ED-451D-8E32-114503EC21E0}
		{2D9580F4-D078-4F45-8E09-53AB059988ED} = {04DAABE0-EB41-4F03-B052-941C4911F4FC}
		{42E4392C-FFAA-4349-AD89-0F3E5D24DD7A} = {2D9580F4-D078-4F45-8E09-53AB059988ED}
		{F3D4FA3E-9F3D-4215-B39F-7EDDBB57676B} = {865ADC43-E8E7-4858-8006-3E75B9ECFAB2}
	EndGlobalSection
	GlobalSection(ExtensibilityGlobals) = postSolution
		SolutionGuid = {BDBB3874-2101-4381-9AD2-6C127F37AAE8}
	EndGlobalSection
EndGlobal
